
Microsoft Visual Studio Solution File, Format Version 12.00
# Visual Studio Version 17
VisualStudioVersion = 17.5.33209.295
MinimumVisualStudioVersion = 10.0.40219.1
Project("{9A19103F-16F7-4668-BE54-9A1E7A4F7556}") = "RVShershnev.YandexCloud.DataStreams", "RVShershnev.YandexCloud.DataStreams\RVShershnev.YandexCloud.DataStreams.csproj", "{52FBE765-6AF1-434C-ABBA-23529F0AAF85}"
EndProject
Project("{9A19103F-16F7-4668-BE54-9A1E7A4F7556}") = "RVShershnev.YandexCloud.DataStreams.Demo", "RVShershnev.YandexCloud.DataStreams.Demo\RVShershnev.YandexCloud.DataStreams.Demo.csproj", "{8A5DA78B-B0F8-4A99-9A8A-FBA0A5A8E7E2}"
EndProject
Global
	GlobalSection(SolutionConfigurationPlatforms) = preSolution
		Debug|Any CPU = Debug|Any CPU
		Release|Any CPU = Release|Any CPU
	EndGlobalSection
	GlobalSection(ProjectConfigurationPlatforms) = postSolution
		{52FBE765-6AF1-434C-ABBA-23529F0AAF85}.Debug|Any CPU.ActiveCfg = Debug|Any CPU
		{52FBE765-6AF1-434C-ABBA-23529F0AAF85}.Debug|Any CPU.Build.0 = Debug|Any CPU
		{52FBE765-6AF1-434C-ABBA-23529F0AAF85}.Release|Any CPU.ActiveCfg = Release|Any CPU
		{52FBE765-6AF1-434C-ABBA-23529F0AAF85}.Release|Any CPU.Build.0 = Release|Any CPU
		{8A5DA78B-B0F8-4A99-9A8A-FBA0A5A8E7E2}.Debug|Any CPU.ActiveCfg = Debug|Any CPU
		{8A5DA78B-B0F8-4A99-9A8A-FBA0A5A8E7E2}.Debug|Any CPU.Build.0 = Debug|Any CPU
		{8A5DA78B-B0F8-4A99-9A8A-FBA0A5A8E7E2}.Release|Any CPU.ActiveCfg = Release|Any CPU
		{8A5DA78B-B0F8-4A99-9A8A-FBA0A5A8E7E2}.Release|Any CPU.Build.0 = Release|Any CPU
	EndGlobalSection
	GlobalSection(SolutionProperties) = preSolution
		HideSolutionNode = FALSE
	EndGlobalSection
	GlobalSection(ExtensibilityGlobals) = postSolution
		SolutionGuid = {B286FDA3-BC1F-41C4-B7CC-F46EE467D71B}
	EndGlobalSection
EndGlobal
